{
  "name": "@exodds/apig-mapping-template",
  "version": "1.0.0",
  "lockfileVersion": 3,
  "requires": true,
  "packages": {
    "": {
      "name": "@exodds/apig-mapping-template",
      "version": "1.0.0",
      "license": "ISC",
      "dependencies": {
        "velocityjs": "^2.0.6"
      },
      "devDependencies": {
        "typescript": "^5.4.5"
      }
    },
    "node_modules/debug": {
      "version": "4.3.4",
      "resolved": "https://registry.npmjs.org/debug/-/debug-4.3.4.tgz",
      "integrity": "sha512-PRWFHuSU3eDtQJPvnNY7Jcket1j0t5OuOsFzPPzsekD52Zl8qUfFIPEiswXqIvHWGVHOgX+7G/vCNNhehwxfkQ==",
      "dependencies": {
        "ms": "2.1.2"
      },
      "engines": {
        "node": ">=6.0"
      },
      "peerDependenciesMeta": {
        "supports-color": {
          "optional": true
        }
      }
    },
    "node_modules/ms": {
      "version": "2.1.2",
      "resolved": "https://registry.npmjs.org/ms/-/ms-2.1.2.tgz",
      "integrity": "sha512-sGkPx+VjMtmA6MX27oA4FBFELFCZZ4S4XqeGOXCv68tT+jb3vk/RyaKWP0PTKyWtmLSM0b+adUTEvbs1PEaH2w=="
    },
    "node_modules/typescript": {
      "version": "5.4.5",
      "resolved": "https://registry.npmjs.org/typescript/-/typescript-5.4.5.tgz",
      "integrity": "sha512-vcI4UpRgg81oIRUFwR0WSIHKt11nJ7SAVlYNIu+QpqeyXP+gpQJy/Z4+F0aGxSE4MqwjyXvW/TzgkLAx2AGHwQ==",
      "dev": true,
      "bin": {
        "tsc": "bin/tsc",
        "tsserver": "bin/tsserver"
      },
      "engines": {
        "node": ">=14.17"
      }
    },
    "node_modules/velocityjs": {
      "version": "2.0.6",
      "resolved": "https://registry.npmjs.org/velocityjs/-/velocityjs-2.0.6.tgz",
      "integrity": "sha512-QMYLeYLBX6eqekCin3OPmDAHapaUx3foNFE264ml1/yxRZ8TUUlI1+u6rtN4E8tKNqwzpRPeNgJtjLbgRNK4fw==",
      "dependencies": {
        "debug": "^4.3.3"
      },
      "bin": {
        "velocity": "bin/velocity"
      },
      "engines": {
        "node": ">=0.8.0"
      }
    }
  }
}
